// !$*UTF8*$!
{
	archiveVersion = 1;
	classes = {
	};
	objectVersion = 48;
	objects = {

/* Begin PBXBuildFile section */
		61689E2C7EEC96F5AAB50DB2 /* Pods_AddressGenerator.framework in Frameworks */ = {isa = PBXBuildFile; fileRef = 7753C92C713B97532BDE1954 /* Pods_AddressGenerator.framework */; };
		D218E9131FE2C37800438A19 /* AppDelegate.swift in Sources */ = {isa = PBXBuildFile; fileRef = D218E9121FE2C37800438A19 /* AppDelegate.swift */; };
		D218E9171FE2C37800438A19 /* Assets.xcassets in Resources */ = {isa = PBXBuildFile; fileRef = D218E9161FE2C37800438A19 /* Assets.xcassets */; };
		D218E91A1FE2C37800438A19 /* Main.storyboard in Resources */ = {isa = PBXBuildFile; fileRef = D218E9181FE2C37800438A19 /* Main.storyboard */; };
		D218E9261FE2C37800438A19 /* AddressGeneratorTests.swift in Sources */ = {isa = PBXBuildFile; fileRef = D218E9251FE2C37800438A19 /* AddressGeneratorTests.swift */; };
		D218E94A1FE2C6DD00438A19 /* Data+Extensions.swift in Sources */ = {isa = PBXBuildFile; fileRef = D218E9491FE2C6DD00438A19 /* Data+Extensions.swift */; };
		D218E94D1FE2C9B300438A19 /* Task.swift in Sources */ = {isa = PBXBuildFile; fileRef = D218E94C1FE2C9B300438A19 /* Task.swift */; };
		D25570971FEBCDBD00AA443F /* CoinsController.swift in Sources */ = {isa = PBXBuildFile; fileRef = D25570961FEBCDBD00AA443F /* CoinsController.swift */; };
		D255709A1FEBCDE600AA443F /* AccountController.swift in Sources */ = {isa = PBXBuildFile; fileRef = D25570991FEBCDE600AA443F /* AccountController.swift */; };
		D255709C1FEBD07400AA443F /* Label.swift in Sources */ = {isa = PBXBuildFile; fileRef = D255709B1FEBD07400AA443F /* Label.swift */; };
		D255709E1FEBD2B200AA443F /* MainController.swift in Sources */ = {isa = PBXBuildFile; fileRef = D255709D1FEBD2B100AA443F /* MainController.swift */; };
		D25DDE541FE9634000E68662 /* SwiftBaseX.swift in Sources */ = {isa = PBXBuildFile; fileRef = D25DDE531FE9634000E68662 /* SwiftBaseX.swift */; };
		D25DDE561FE9697D00E68662 /* WalletImportFormatGenerator.swift in Sources */ = {isa = PBXBuildFile; fileRef = D25DDE551FE9697D00E68662 /* WalletImportFormatGenerator.swift */; };
		D2EDF51C1FEAC0C4009BF07B /* EthereumGenerator.swift in Sources */ = {isa = PBXBuildFile; fileRef = D2EDF5191FEAC0C4009BF07B /* EthereumGenerator.swift */; };
		D2EDF51D1FEAC0C4009BF07B /* Pay2ScriptHashGenerator.swift in Sources */ = {isa = PBXBuildFile; fileRef = D2EDF51A1FEAC0C4009BF07B /* Pay2ScriptHashGenerator.swift */; };
		D2EDF51E1FEAC0C4009BF07B /* Pay2PubKeyHashGenerator.swift in Sources */ = {isa = PBXBuildFile; fileRef = D2EDF51B1FEAC0C4009BF07B /* Pay2PubKeyHashGenerator.swift */; };
		D2EDF5241FEAC809009BF07B /* sha3.c in Sources */ = {isa = PBXBuildFile; fileRef = D2EDF5231FEAC809009BF07B /* sha3.c */; };
		D2EDF5261FEAC894009BF07B /* KeccakHash.swift in Sources */ = {isa = PBXBuildFile; fileRef = D2EDF5251FEAC894009BF07B /* KeccakHash.swift */; };
		D2EDF5281FEACC01009BF07B /* KeccakHashTests.swift in Sources */ = {isa = PBXBuildFile; fileRef = D2EDF5271FEACC01009BF07B /* KeccakHashTests.swift */; };
		D2EDF52A1FEACC0D009BF07B /* KeyPairGeneratorTests.swift in Sources */ = {isa = PBXBuildFile; fileRef = D2EDF5291FEACC0D009BF07B /* KeyPairGeneratorTests.swift */; };
		D2EDF52C1FEACC27009BF07B /* DataExtensionsTests.swift in Sources */ = {isa = PBXBuildFile; fileRef = D2EDF52B1FEACC27009BF07B /* DataExtensionsTests.swift */; };
		D2EDF52E1FEACC5A009BF07B /* WalletImportGeneratorTests.swift in Sources */ = {isa = PBXBuildFile; fileRef = D2EDF52D1FEACC5A009BF07B /* WalletImportGeneratorTests.swift */; };
		D2EDF5301FEACDFA009BF07B /* UnsafePointer+Extensions.swift in Sources */ = {isa = PBXBuildFile; fileRef = D2EDF52F1FEACDFA009BF07B /* UnsafePointer+Extensions.swift */; };
		D2EDF5321FEACEBD009BF07B /* String+Extensions.swift in Sources */ = {isa = PBXBuildFile; fileRef = D2EDF5311FEACEBD009BF07B /* String+Extensions.swift */; };
		D2EDF5341FEAD20B009BF07B /* EthereumGeneratorTests.swift in Sources */ = {isa = PBXBuildFile; fileRef = D2EDF5331FEAD20B009BF07B /* EthereumGeneratorTests.swift */; };
		D2EDF5371FEAD5BA009BF07B /* Bitcoin.swift in Sources */ = {isa = PBXBuildFile; fileRef = D2EDF5361FEAD5BA009BF07B /* Bitcoin.swift */; };
		D2EDF5391FEAD5C0009BF07B /* Ethereum.swift in Sources */ = {isa = PBXBuildFile; fileRef = D2EDF5381FEAD5C0009BF07B /* Ethereum.swift */; };
		D2EDF53B1FEAD72B009BF07B /* CoinAware.swift in Sources */ = {isa = PBXBuildFile; fileRef = D2EDF53A1FEAD72B009BF07B /* CoinAware.swift */; };
		D2EDF53D1FEAD792009BF07B /* Manager.swift in Sources */ = {isa = PBXBuildFile; fileRef = D2EDF53C1FEAD792009BF07B /* Manager.swift */; };
		D2EDF53F1FEAD909009BF07B /* Account.swift in Sources */ = {isa = PBXBuildFile; fileRef = D2EDF53E1FEAD909009BF07B /* Account.swift */; };
		D2EDF5411FEADA0C009BF07B /* CoinList.swift in Sources */ = {isa = PBXBuildFile; fileRef = D2EDF5401FEADA0C009BF07B /* CoinList.swift */; };
		D2EDF5431FEAE06C009BF07B /* CoinListTests.swift in Sources */ = {isa = PBXBuildFile; fileRef = D2EDF5421FEAE06C009BF07B /* CoinListTests.swift */; };
		D2FEFACD1FE890E20047FCBF /* KeyPairGenerator.swift in Sources */ = {isa = PBXBuildFile; fileRef = D2FEFACC1FE890E20047FCBF /* KeyPairGenerator.swift */; };
		D2FEFACF1FE8916D0047FCBF /* InternalError.swift in Sources */ = {isa = PBXBuildFile; fileRef = D2FEFACE1FE8916D0047FCBF /* InternalError.swift */; };
/* End PBXBuildFile section */

/* Begin PBXContainerItemProxy section */
		D218E9221FE2C37800438A19 /* PBXContainerItemProxy */ = {
			isa = PBXContainerItemProxy;
			containerPortal = D218E9071FE2C37800438A19 /* Project object */;
			proxyType = 1;
			remoteGlobalIDString = D218E90E1FE2C37800438A19;
			remoteInfo = AddressGenerator;
		};
/* End PBXContainerItemProxy section */

/* Begin PBXFileReference section */
		5063F40B8222686F291286C0 /* Pods-AddressGenerator.debug.xcconfig */ = {isa = PBXFileReference; includeInIndex = 1; lastKnownFileType = text.xcconfig; name = "Pods-AddressGenerator.debug.xcconfig"; path = "Pods/Target Support Files/Pods-AddressGenerator/Pods-AddressGenerator.debug.xcconfig"; sourceTree = "<group>"; };
		7753C92C713B97532BDE1954 /* Pods_AddressGenerator.framework */ = {isa = PBXFileReference; explicitFileType = wrapper.framework; includeInIndex = 0; path = Pods_AddressGenerator.framework; sourceTree = BUILT_PRODUCTS_DIR; };
		9872C9EAB1987817A1ADC5ED /* Pods-AddressGenerator.release.xcconfig */ = {isa = PBXFileReference; includeInIndex = 1; lastKnownFileType = text.xcconfig; name = "Pods-AddressGenerator.release.xcconfig"; path = "Pods/Target Support Files/Pods-AddressGenerator/Pods-AddressGenerator.release.xcconfig"; sourceTree = "<group>"; };
		D218E90F1FE2C37800438A19 /* AddressGenerator.app */ = {isa = PBXFileReference; explicitFileType = wrapper.application; includeInIndex = 0; path = AddressGenerator.app; sourceTree = BUILT_PRODUCTS_DIR; };
		D218E9121FE2C37800438A19 /* AppDelegate.swift */ = {isa = PBXFileReference; lastKnownFileType = sourcecode.swift; path = AppDelegate.swift; sourceTree = "<group>"; };
		D218E9161FE2C37800438A19 /* Assets.xcassets */ = {isa = PBXFileReference; lastKnownFileType = folder.assetcatalog; path = Assets.xcassets; sourceTree = "<group>"; };
		D218E9191FE2C37800438A19 /* Base */ = {isa = PBXFileReference; lastKnownFileType = file.storyboard; name = Base; path = Base.lproj/Main.storyboard; sourceTree = "<group>"; };
		D218E91B1FE2C37800438A19 /* Info.plist */ = {isa = PBXFileReference; lastKnownFileType = text.plist.xml; path = Info.plist; sourceTree = "<group>"; };
		D218E91C1FE2C37800438A19 /* AddressGenerator.entitlements */ = {isa = PBXFileReference; lastKnownFileType = text.plist.entitlements; path = AddressGenerator.entitlements; sourceTree = "<group>"; };
		D218E9211FE2C37800438A19 /* AddressGeneratorTests.xctest */ = {isa = PBXFileReference; explicitFileType = wrapper.cfbundle; includeInIndex = 0; path = AddressGeneratorTests.xctest; sourceTree = BUILT_PRODUCTS_DIR; };
		D218E9251FE2C37800438A19 /* AddressGeneratorTests.swift */ = {isa = PBXFileReference; lastKnownFileType = sourcecode.swift; path = AddressGeneratorTests.swift; sourceTree = "<group>"; };
		D218E9271FE2C37900438A19 /* Info.plist */ = {isa = PBXFileReference; lastKnownFileType = text.plist.xml; path = Info.plist; sourceTree = "<group>"; };
		D218E9491FE2C6DD00438A19 /* Data+Extensions.swift */ = {isa = PBXFileReference; lastKnownFileType = sourcecode.swift; path = "Data+Extensions.swift"; sourceTree = "<group>"; };
		D218E94C1FE2C9B300438A19 /* Task.swift */ = {isa = PBXFileReference; fileEncoding = 4; lastKnownFileType = sourcecode.swift; path = Task.swift; sourceTree = "<group>"; };
		D25570961FEBCDBD00AA443F /* CoinsController.swift */ = {isa = PBXFileReference; lastKnownFileType = sourcecode.swift; path = CoinsController.swift; sourceTree = "<group>"; };
		D25570991FEBCDE600AA443F /* AccountController.swift */ = {isa = PBXFileReference; lastKnownFileType = sourcecode.swift; path = AccountController.swift; sourceTree = "<group>"; };
		D255709B1FEBD07400AA443F /* Label.swift */ = {isa = PBXFileReference; lastKnownFileType = sourcecode.swift; path = Label.swift; sourceTree = "<group>"; };
		D255709D1FEBD2B100AA443F /* MainController.swift */ = {isa = PBXFileReference; fileEncoding = 4; lastKnownFileType = sourcecode.swift; path = MainController.swift; sourceTree = "<group>"; };
		D25DDE531FE9634000E68662 /* SwiftBaseX.swift */ = {isa = PBXFileReference; lastKnownFileType = sourcecode.swift; path = SwiftBaseX.swift; sourceTree = "<group>"; };
		D25DDE551FE9697D00E68662 /* WalletImportFormatGenerator.swift */ = {isa = PBXFileReference; lastKnownFileType = sourcecode.swift; path = WalletImportFormatGenerator.swift; sourceTree = "<group>"; };
		D2EDF5191FEAC0C4009BF07B /* EthereumGenerator.swift */ = {isa = PBXFileReference; fileEncoding = 4; lastKnownFileType = sourcecode.swift; path = EthereumGenerator.swift; sourceTree = "<group>"; };
		D2EDF51A1FEAC0C4009BF07B /* Pay2ScriptHashGenerator.swift */ = {isa = PBXFileReference; fileEncoding = 4; lastKnownFileType = sourcecode.swift; path = Pay2ScriptHashGenerator.swift; sourceTree = "<group>"; };
		D2EDF51B1FEAC0C4009BF07B /* Pay2PubKeyHashGenerator.swift */ = {isa = PBXFileReference; fileEncoding = 4; lastKnownFileType = sourcecode.swift; path = Pay2PubKeyHashGenerator.swift; sourceTree = "<group>"; };
		D2EDF5211FEAC808009BF07B /* AddressGenerator-Bridging-Header.h */ = {isa = PBXFileReference; lastKnownFileType = sourcecode.c.h; path = "AddressGenerator-Bridging-Header.h"; sourceTree = "<group>"; };
		D2EDF5221FEAC809009BF07B /* sha3.h */ = {isa = PBXFileReference; lastKnownFileType = sourcecode.c.h; path = sha3.h; sourceTree = "<group>"; };
		D2EDF5231FEAC809009BF07B /* sha3.c */ = {isa = PBXFileReference; lastKnownFileType = sourcecode.c.c; path = sha3.c; sourceTree = "<group>"; };
		D2EDF5251FEAC894009BF07B /* KeccakHash.swift */ = {isa = PBXFileReference; lastKnownFileType = sourcecode.swift; path = KeccakHash.swift; sourceTree = "<group>"; };
		D2EDF5271FEACC01009BF07B /* KeccakHashTests.swift */ = {isa = PBXFileReference; lastKnownFileType = sourcecode.swift; path = KeccakHashTests.swift; sourceTree = "<group>"; };
		D2EDF5291FEACC0D009BF07B /* KeyPairGeneratorTests.swift */ = {isa = PBXFileReference; lastKnownFileType = sourcecode.swift; path = KeyPairGeneratorTests.swift; sourceTree = "<group>"; };
		D2EDF52B1FEACC27009BF07B /* DataExtensionsTests.swift */ = {isa = PBXFileReference; lastKnownFileType = sourcecode.swift; path = DataExtensionsTests.swift; sourceTree = "<group>"; };
		D2EDF52D1FEACC5A009BF07B /* WalletImportGeneratorTests.swift */ = {isa = PBXFileReference; lastKnownFileType = sourcecode.swift; path = WalletImportGeneratorTests.swift; sourceTree = "<group>"; };
		D2EDF52F1FEACDFA009BF07B /* UnsafePointer+Extensions.swift */ = {isa = PBXFileReference; lastKnownFileType = sourcecode.swift; path = "UnsafePointer+Extensions.swift"; sourceTree = "<group>"; };
		D2EDF5311FEACEBD009BF07B /* String+Extensions.swift */ = {isa = PBXFileReference; lastKnownFileType = sourcecode.swift; path = "String+Extensions.swift"; sourceTree = "<group>"; };
		D2EDF5331FEAD20B009BF07B /* EthereumGeneratorTests.swift */ = {isa = PBXFileReference; lastKnownFileType = sourcecode.swift; path = EthereumGeneratorTests.swift; sourceTree = "<group>"; };
		D2EDF5361FEAD5BA009BF07B /* Bitcoin.swift */ = {isa = PBXFileReference; lastKnownFileType = sourcecode.swift; path = Bitcoin.swift; sourceTree = "<group>"; };
		D2EDF5381FEAD5C0009BF07B /* Ethereum.swift */ = {isa = PBXFileReference; lastKnownFileType = sourcecode.swift; path = Ethereum.swift; sourceTree = "<group>"; };
		D2EDF53A1FEAD72B009BF07B /* CoinAware.swift */ = {isa = PBXFileReference; lastKnownFileType = sourcecode.swift; path = CoinAware.swift; sourceTree = "<group>"; };
		D2EDF53C1FEAD792009BF07B /* Manager.swift */ = {isa = PBXFileReference; lastKnownFileType = sourcecode.swift; path = Manager.swift; sourceTree = "<group>"; };
		D2EDF53E1FEAD909009BF07B /* Account.swift */ = {isa = PBXFileReference; lastKnownFileType = sourcecode.swift; path = Account.swift; sourceTree = "<group>"; };
		D2EDF5401FEADA0C009BF07B /* CoinList.swift */ = {isa = PBXFileReference; lastKnownFileType = sourcecode.swift; path = CoinList.swift; sourceTree = "<group>"; };
		D2EDF5421FEAE06C009BF07B /* CoinListTests.swift */ = {isa = PBXFileReference; lastKnownFileType = sourcecode.swift; path = CoinListTests.swift; sourceTree = "<group>"; };
		D2FEFACC1FE890E20047FCBF /* KeyPairGenerator.swift */ = {isa = PBXFileReference; lastKnownFileType = sourcecode.swift; path = KeyPairGenerator.swift; sourceTree = "<group>"; };
		D2FEFACE1FE8916D0047FCBF /* InternalError.swift */ = {isa = PBXFileReference; lastKnownFileType = sourcecode.swift; path = InternalError.swift; sourceTree = "<group>"; };
/* End PBXFileReference section */

/* Begin PBXFrameworksBuildPhase section */
		D218E90C1FE2C37800438A19 /* Frameworks */ = {
			isa = PBXFrameworksBuildPhase;
			buildActionMask = 2147483647;
			files = (
				61689E2C7EEC96F5AAB50DB2 /* Pods_AddressGenerator.framework in Frameworks */,
			);
			runOnlyForDeploymentPostprocessing = 0;
		};
		D218E91E1FE2C37800438A19 /* Frameworks */ = {
			isa = PBXFrameworksBuildPhase;
			buildActionMask = 2147483647;
			files = (
			);
			runOnlyForDeploymentPostprocessing = 0;
		};
/* End PBXFrameworksBuildPhase section */

/* Begin PBXGroup section */
		7E6D7807200511B08B797FC8 /* Pods */ = {
			isa = PBXGroup;
			children = (
				5063F40B8222686F291286C0 /* Pods-AddressGenerator.debug.xcconfig */,
				9872C9EAB1987817A1ADC5ED /* Pods-AddressGenerator.release.xcconfig */,
			);
			name = Pods;
			sourceTree = "<group>";
		};
		902F97D5B227231DBE1B88C0 /* Frameworks */ = {
			isa = PBXGroup;
			children = (
				7753C92C713B97532BDE1954 /* Pods_AddressGenerator.framework */,
			);
			name = Frameworks;
			sourceTree = "<group>";
		};
		D218E9061FE2C37800438A19 = {
			isa = PBXGroup;
			children = (
				D218E9111FE2C37800438A19 /* AddressGenerator */,
				D218E9241FE2C37800438A19 /* AddressGeneratorTests */,
				D218E9101FE2C37800438A19 /* Products */,
				7E6D7807200511B08B797FC8 /* Pods */,
				902F97D5B227231DBE1B88C0 /* Frameworks */,
			);
			sourceTree = "<group>";
		};
		D218E9101FE2C37800438A19 /* Products */ = {
			isa = PBXGroup;
			children = (
				D218E90F1FE2C37800438A19 /* AddressGenerator.app */,
				D218E9211FE2C37800438A19 /* AddressGeneratorTests.xctest */,
			);
			name = Products;
			sourceTree = "<group>";
		};
		D218E9111FE2C37800438A19 /* AddressGenerator */ = {
			isa = PBXGroup;
			children = (
				D25570981FEBCDD800AA443F /* Views */,
				D25570951FEBCDAC00AA443F /* Controllers */,
				D218E93E1FE2C3F700438A19 /* Library */,
				D218E9121FE2C37800438A19 /* AppDelegate.swift */,
				D218E9161FE2C37800438A19 /* Assets.xcassets */,
				D218E9181FE2C37800438A19 /* Main.storyboard */,
				D218E91B1FE2C37800438A19 /* Info.plist */,
				D218E91C1FE2C37800438A19 /* AddressGenerator.entitlements */,
			);
			path = AddressGenerator;
			sourceTree = "<group>";
		};
		D218E9241FE2C37800438A19 /* AddressGeneratorTests */ = {
			isa = PBXGroup;
			children = (
				D218E9251FE2C37800438A19 /* AddressGeneratorTests.swift */,
				D218E9271FE2C37900438A19 /* Info.plist */,
				D2EDF5271FEACC01009BF07B /* KeccakHashTests.swift */,
				D2EDF5291FEACC0D009BF07B /* KeyPairGeneratorTests.swift */,
				D2EDF52B1FEACC27009BF07B /* DataExtensionsTests.swift */,
				D2EDF52D1FEACC5A009BF07B /* WalletImportGeneratorTests.swift */,
				D2EDF5331FEAD20B009BF07B /* EthereumGeneratorTests.swift */,
				D2EDF5421FEAE06C009BF07B /* CoinListTests.swift */,
			);
			path = AddressGeneratorTests;
			sourceTree = "<group>";
		};
		D218E93E1FE2C3F700438A19 /* Library */ = {
			isa = PBXGroup;
			children = (
				D2EDF5351FEAD5A9009BF07B /* Coin */,
				D2EDF51F1FEAC7E0009BF07B /* Misc */,
				D218E94B1FE2C9A600438A19 /* Engine */,
				D218E9481FE2C6C400438A19 /* Extensions */,
			);
			path = Library;
			sourceTree = "<group>";
		};
		D218E9481FE2C6C400438A19 /* Extensions */ = {
			isa = PBXGroup;
			children = (
				D218E9491FE2C6DD00438A19 /* Data+Extensions.swift */,
				D2EDF52F1FEACDFA009BF07B /* UnsafePointer+Extensions.swift */,
				D2EDF5311FEACEBD009BF07B /* String+Extensions.swift */,
			);
			path = Extensions;
			sourceTree = "<group>";
		};
		D218E94B1FE2C9A600438A19 /* Engine */ = {
			isa = PBXGroup;
			children = (
				D2EDF5191FEAC0C4009BF07B /* EthereumGenerator.swift */,
				D2EDF51B1FEAC0C4009BF07B /* Pay2PubKeyHashGenerator.swift */,
				D2EDF51A1FEAC0C4009BF07B /* Pay2ScriptHashGenerator.swift */,
				D218E94C1FE2C9B300438A19 /* Task.swift */,
				D2FEFACC1FE890E20047FCBF /* KeyPairGenerator.swift */,
				D2FEFACE1FE8916D0047FCBF /* InternalError.swift */,
				D25DDE531FE9634000E68662 /* SwiftBaseX.swift */,
				D25DDE551FE9697D00E68662 /* WalletImportFormatGenerator.swift */,
				D2EDF53C1FEAD792009BF07B /* Manager.swift */,
				D2EDF5401FEADA0C009BF07B /* CoinList.swift */,
			);
			path = Engine;
			sourceTree = "<group>";
		};
		D25570951FEBCDAC00AA443F /* Controllers */ = {
			isa = PBXGroup;
			children = (
				D255709D1FEBD2B100AA443F /* MainController.swift */,
				D25570961FEBCDBD00AA443F /* CoinsController.swift */,
				D25570991FEBCDE600AA443F /* AccountController.swift */,
			);
			path = Controllers;
			sourceTree = "<group>";
		};
		D25570981FEBCDD800AA443F /* Views */ = {
			isa = PBXGroup;
			children = (
				D255709B1FEBD07400AA443F /* Label.swift */,
			);
			path = Views;
			sourceTree = "<group>";
		};
		D2EDF51F1FEAC7E0009BF07B /* Misc */ = {
			isa = PBXGroup;
			children = (
				D2EDF5201FEAC7F4009BF07B /* keccak */,
			);
			path = Misc;
			sourceTree = "<group>";
		};
		D2EDF5201FEAC7F4009BF07B /* keccak */ = {
			isa = PBXGroup;
			children = (
				D2EDF5221FEAC809009BF07B /* sha3.h */,
				D2EDF5231FEAC809009BF07B /* sha3.c */,
				D2EDF5211FEAC808009BF07B /* AddressGenerator-Bridging-Header.h */,
				D2EDF5251FEAC894009BF07B /* KeccakHash.swift */,
			);
			path = keccak;
			sourceTree = "<group>";
		};
		D2EDF5351FEAD5A9009BF07B /* Coin */ = {
			isa = PBXGroup;
			children = (
				D2EDF5361FEAD5BA009BF07B /* Bitcoin.swift */,
				D2EDF5381FEAD5C0009BF07B /* Ethereum.swift */,
				D2EDF53A1FEAD72B009BF07B /* CoinAware.swift */,
				D2EDF53E1FEAD909009BF07B /* Account.swift */,
			);
			path = Coin;
			sourceTree = "<group>";
		};
/* End PBXGroup section */

/* Begin PBXNativeTarget section */
		D218E90E1FE2C37800438A19 /* AddressGenerator */ = {
			isa = PBXNativeTarget;
			buildConfigurationList = D218E9351FE2C37900438A19 /* Build configuration list for PBXNativeTarget "AddressGenerator" */;
			buildPhases = (
				241A9CA3E85A86CB0C39AFED /* [CP] Check Pods Manifest.lock */,
				D218E90B1FE2C37800438A19 /* Sources */,
				D218E90C1FE2C37800438A19 /* Frameworks */,
				D218E90D1FE2C37800438A19 /* Resources */,
				433BA4FB4B2DCF8BD5234C85 /* [CP] Embed Pods Frameworks */,
				7C56EB513F1EE2A233ACFB11 /* [CP] Copy Pods Resources */,
			);
			buildRules = (
			);
			dependencies = (
			);
			name = AddressGenerator;
			productName = AddressGenerator;
			productReference = D218E90F1FE2C37800438A19 /* AddressGenerator.app */;
			productType = "com.apple.product-type.application";
		};
		D218E9201FE2C37800438A19 /* AddressGeneratorTests */ = {
			isa = PBXNativeTarget;
			buildConfigurationList = D218E9381FE2C37900438A19 /* Build configuration list for PBXNativeTarget "AddressGeneratorTests" */;
			buildPhases = (
				D218E91D1FE2C37800438A19 /* Sources */,
				D218E91E1FE2C37800438A19 /* Frameworks */,
				D218E91F1FE2C37800438A19 /* Resources */,
			);
			buildRules = (
			);
			dependencies = (
				D218E9231FE2C37800438A19 /* PBXTargetDependency */,
			);
			name = AddressGeneratorTests;
			productName = AddressGeneratorTests;
			productReference = D218E9211FE2C37800438A19 /* AddressGeneratorTests.xctest */;
			productType = "com.apple.product-type.bundle.unit-test";
		};
/* End PBXNativeTarget section */

/* Begin PBXProject section */
		D218E9071FE2C37800438A19 /* Project object */ = {
			isa = PBXProject;
			attributes = {
				LastSwiftUpdateCheck = 0920;
				LastUpgradeCheck = 0920;
				ORGANIZATIONNAME = "Khoa Pham";
				TargetAttributes = {
					D218E90E1FE2C37800438A19 = {
						CreatedOnToolsVersion = 9.2;
						LastSwiftMigration = 0920;
						ProvisioningStyle = Automatic;
					};
					D218E9201FE2C37800438A19 = {
						CreatedOnToolsVersion = 9.2;
						ProvisioningStyle = Automatic;
						TestTargetID = D218E90E1FE2C37800438A19;
					};
				};
			};
			buildConfigurationList = D218E90A1FE2C37800438A19 /* Build configuration list for PBXProject "AddressGenerator" */;
			compatibilityVersion = "Xcode 8.0";
			developmentRegion = en;
			hasScannedForEncodings = 0;
			knownRegions = (
				en,
				Base,
			);
			mainGroup = D218E9061FE2C37800438A19;
			productRefGroup = D218E9101FE2C37800438A19 /* Products */;
			projectDirPath = "";
			projectRoot = "";
			targets = (
				D218E90E1FE2C37800438A19 /* AddressGenerator */,
				D218E9201FE2C37800438A19 /* AddressGeneratorTests */,
			);
		};
/* End PBXProject section */

/* Begin PBXResourcesBuildPhase section */
		D218E90D1FE2C37800438A19 /* Resources */ = {
			isa = PBXResourcesBuildPhase;
			buildActionMask = 2147483647;
			files = (
				D218E9171FE2C37800438A19 /* Assets.xcassets in Resources */,
				D218E91A1FE2C37800438A19 /* Main.storyboard in Resources */,
			);
			runOnlyForDeploymentPostprocessing = 0;
		};
		D218E91F1FE2C37800438A19 /* Resources */ = {
			isa = PBXResourcesBuildPhase;
			buildActionMask = 2147483647;
			files = (
			);
			runOnlyForDeploymentPostprocessing = 0;
		};
/* End PBXResourcesBuildPhase section */

/* Begin PBXShellScriptBuildPhase section */
		241A9CA3E85A86CB0C39AFED /* [CP] Check Pods Manifest.lock */ = {
			isa = PBXShellScriptBuildPhase;
			buildActionMask = 2147483647;
			files = (
			);
			inputPaths = (
				"${PODS_PODFILE_DIR_PATH}/Podfile.lock",
				"${PODS_ROOT}/Manifest.lock",
			);
			name = "[CP] Check Pods Manifest.lock";
			outputPaths = (
				"$(DERIVED_FILE_DIR)/Pods-AddressGenerator-checkManifestLockResult.txt",
			);
			runOnlyForDeploymentPostprocessing = 0;
			shellPath = /bin/sh;
			shellScript = "diff \"${PODS_PODFILE_DIR_PATH}/Podfile.lock\" \"${PODS_ROOT}/Manifest.lock\" > /dev/null\nif [ $? != 0 ] ; then\n    # print error to STDERR\n    echo \"error: The sandbox is not in sync with the Podfile.lock. Run 'pod install' or update your CocoaPods installation.\" >&2\n    exit 1\nfi\n# This output is used by Xcode 'outputs' to avoid re-running this script phase.\necho \"SUCCESS\" > \"${SCRIPT_OUTPUT_FILE_0}\"\n";
			showEnvVarsInLog = 0;
		};
		433BA4FB4B2DCF8BD5234C85 /* [CP] Embed Pods Frameworks */ = {
			isa = PBXShellScriptBuildPhase;
			buildActionMask = 2147483647;
			files = (
			);
			inputPaths = (
				"${SRCROOT}/Pods/Target Support Files/Pods-AddressGenerator/Pods-AddressGenerator-frameworks.sh",
				"${BUILT_PRODUCTS_DIR}/Anchors/Anchors.framework",
			);
			name = "[CP] Embed Pods Frameworks";
			outputPaths = (
				"${TARGET_BUILD_DIR}/${FRAMEWORKS_FOLDER_PATH}/Anchors.framework",
			);
			runOnlyForDeploymentPostprocessing = 0;
			shellPath = /bin/sh;
			shellScript = "\"${SRCROOT}/Pods/Target Support Files/Pods-AddressGenerator/Pods-AddressGenerator-frameworks.sh\"\n";
			showEnvVarsInLog = 0;
		};
		7C56EB513F1EE2A233ACFB11 /* [CP] Copy Pods Resources */ = {
			isa = PBXShellScriptBuildPhase;
			buildActionMask = 2147483647;
			files = (
			);
			inputPaths = (
			);
			name = "[CP] Copy Pods Resources";
			outputPaths = (
			);
			runOnlyForDeploymentPostprocessing = 0;
			shellPath = /bin/sh;
			shellScript = "\"${SRCROOT}/Pods/Target Support Files/Pods-AddressGenerator/Pods-AddressGenerator-resources.sh\"\n";
			showEnvVarsInLog = 0;
		};
/* End PBXShellScriptBuildPhase section */

/* Begin PBXSourcesBuildPhase section */
		D218E90B1FE2C37800438A19 /* Sources */ = {
			isa = PBXSourcesBuildPhase;
			buildActionMask = 2147483647;
			files = (
				D2EDF5371FEAD5BA009BF07B /* Bitcoin.swift in Sources */,
				D2EDF53B1FEAD72B009BF07B /* CoinAware.swift in Sources */,
				D2FEFACD1FE890E20047FCBF /* KeyPairGenerator.swift in Sources */,
				D218E94A1FE2C6DD00438A19 /* Data+Extensions.swift in Sources */,
				D2FEFACF1FE8916D0047FCBF /* InternalError.swift in Sources */,
				D2EDF53F1FEAD909009BF07B /* Account.swift in Sources */,
				D2EDF53D1FEAD792009BF07B /* Manager.swift in Sources */,
				D2EDF51D1FEAC0C4009BF07B /* Pay2ScriptHashGenerator.swift in Sources */,
				D2EDF5301FEACDFA009BF07B /* UnsafePointer+Extensions.swift in Sources */,
				D25DDE561FE9697D00E68662 /* WalletImportFormatGenerator.swift in Sources */,
				D255709A1FEBCDE600AA443F /* AccountController.swift in Sources */,
				D218E9131FE2C37800438A19 /* AppDelegate.swift in Sources */,
				D25DDE541FE9634000E68662 /* SwiftBaseX.swift in Sources */,
				D255709C1FEBD07400AA443F /* Label.swift in Sources */,
				D2EDF5261FEAC894009BF07B /* KeccakHash.swift in Sources */,
				D2EDF5321FEACEBD009BF07B /* String+Extensions.swift in Sources */,
				D255709E1FEBD2B200AA443F /* MainController.swift in Sources */,
				D2EDF5411FEADA0C009BF07B /* CoinList.swift in Sources */,
				D218E94D1FE2C9B300438A19 /* Task.swift in Sources */,
				D2EDF51E1FEAC0C4009BF07B /* Pay2PubKeyHashGenerator.swift in Sources */,
				D2EDF5391FEAD5C0009BF07B /* Ethereum.swift in Sources */,
				D2EDF5241FEAC809009BF07B /* sha3.c in Sources */,
				D25570971FEBCDBD00AA443F /* CoinsController.swift in Sources */,
				D2EDF51C1FEAC0C4009BF07B /* EthereumGenerator.swift in Sources */,
			);
			runOnlyForDeploymentPostprocessing = 0;
		};
		D218E91D1FE2C37800438A19 /* Sources */ = {
			isa = PBXSourcesBuildPhase;
			buildActionMask = 2147483647;
			files = (
				D218E9261FE2C37800438A19 /* AddressGeneratorTests.swift in Sources */,
				D2EDF5431FEAE06C009BF07B /* CoinListTests.swift in Sources */,
				D2EDF52C1FEACC27009BF07B /* DataExtensionsTests.swift in Sources */,
				D2EDF5341FEAD20B009BF07B /* EthereumGeneratorTests.swift in Sources */,
				D2EDF52A1FEACC0D009BF07B /* KeyPairGeneratorTests.swift in Sources */,
				D2EDF52E1FEACC5A009BF07B /* WalletImportGeneratorTests.swift in Sources */,
				D2EDF5281FEACC01009BF07B /* KeccakHashTests.swift in Sources */,
			);
			runOnlyForDeploymentPostprocessing = 0;
		};
/* End PBXSourcesBuildPhase section */

/* Begin PBXTargetDependency section */
		D218E9231FE2C37800438A19 /* PBXTargetDependency */ = {
			isa = PBXTargetDependency;
			target = D218E90E1FE2C37800438A19 /* AddressGenerator */;
			targetProxy = D218E9221FE2C37800438A19 /* PBXContainerItemProxy */;
		};
/* End PBXTargetDependency section */

/* Begin PBXVariantGroup section */
		D218E9181FE2C37800438A19 /* Main.storyboard */ = {
			isa = PBXVariantGroup;
			children = (
				D218E9191FE2C37800438A19 /* Base */,
			);
			name = Main.storyboard;
			sourceTree = "<group>";
		};
/* End PBXVariantGroup section */

/* Begin XCBuildConfiguration section */
		D218E9331FE2C37900438A19 /* Debug */ = {
			isa = XCBuildConfiguration;
			buildSettings = {
				ALWAYS_SEARCH_USER_PATHS = NO;
				CLANG_ANALYZER_NONNULL = YES;
				CLANG_ANALYZER_NUMBER_OBJECT_CONVERSION = YES_AGGRESSIVE;
				CLANG_CXX_LANGUAGE_STANDARD = "gnu++14";
				CLANG_CXX_LIBRARY = "libc++";
				CLANG_ENABLE_MODULES = YES;
				CLANG_ENABLE_OBJC_ARC = YES;
				CLANG_WARN_BLOCK_CAPTURE_AUTORELEASING = YES;
				CLANG_WARN_BOOL_CONVERSION = YES;
				CLANG_WARN_COMMA = YES;
				CLANG_WARN_CONSTANT_CONVERSION = YES;
				CLANG_WARN_DIRECT_OBJC_ISA_USAGE = YES_ERROR;
				CLANG_WARN_DOCUMENTATION_COMMENTS = YES;
				CLANG_WARN_EMPTY_BODY = YES;
				CLANG_WARN_ENUM_CONVERSION = YES;
				CLANG_WARN_INFINITE_RECURSION = YES;
				CLANG_WARN_INT_CONVERSION = YES;
				CLANG_WARN_NON_LITERAL_NULL_CONVERSION = YES;
				CLANG_WARN_OBJC_LITERAL_CONVERSION = YES;
				CLANG_WARN_OBJC_ROOT_CLASS = YES_ERROR;
				CLANG_WARN_RANGE_LOOP_ANALYSIS = YES;
				CLANG_WARN_STRICT_PROTOTYPES = YES;
				CLANG_WARN_SUSPICIOUS_MOVE = YES;
				CLANG_WARN_UNGUARDED_AVAILABILITY = YES_AGGRESSIVE;
				CLANG_WARN_UNREACHABLE_CODE = YES;
				CLANG_WARN__DUPLICATE_METHOD_MATCH = YES;
				CODE_SIGN_IDENTITY = "-";
				COPY_PHASE_STRIP = NO;
				DEBUG_INFORMATION_FORMAT = dwarf;
				ENABLE_STRICT_OBJC_MSGSEND = YES;
				ENABLE_TESTABILITY = YES;
				GCC_C_LANGUAGE_STANDARD = gnu11;
				GCC_DYNAMIC_NO_PIC = NO;
				GCC_NO_COMMON_BLOCKS = YES;
				GCC_OPTIMIZATION_LEVEL = 0;
				GCC_PREPROCESSOR_DEFINITIONS = (
					"DEBUG=1",
					"$(inherited)",
				);
				GCC_WARN_64_TO_32_BIT_CONVERSION = YES;
				GCC_WARN_ABOUT_RETURN_TYPE = YES_ERROR;
				GCC_WARN_UNDECLARED_SELECTOR = YES;
				GCC_WARN_UNINITIALIZED_AUTOS = YES_AGGRESSIVE;
				GCC_WARN_UNUSED_FUNCTION = YES;
				GCC_WARN_UNUSED_VARIABLE = YES;
				MACOSX_DEPLOYMENT_TARGET = 10.13;
				MTL_ENABLE_DEBUG_INFO = YES;
				ONLY_ACTIVE_ARCH = YES;
				SDKROOT = macosx;
				SWIFT_ACTIVE_COMPILATION_CONDITIONS = DEBUG;
				SWIFT_OPTIMIZATION_LEVEL = "-Onone";
			};
			name = Debug;
		};
		D218E9341FE2C37900438A19 /* Release */ = {
			isa = XCBuildConfiguration;
			buildSettings = {
				ALWAYS_SEARCH_USER_PATHS = NO;
				CLANG_ANALYZER_NONNULL = YES;
				CLANG_ANALYZER_NUMBER_OBJECT_CONVERSION = YES_AGGRESSIVE;
				CLANG_CXX_LANGUAGE_STANDARD = "gnu++14";
				CLANG_CXX_LIBRARY = "libc++";
				CLANG_ENABLE_MODULES = YES;
				CLANG_ENABLE_OBJC_ARC = YES;
				CLANG_WARN_BLOCK_CAPTURE_AUTORELEASING = YES;
				CLANG_WARN_BOOL_CONVERSION = YES;
				CLANG_WARN_COMMA = YES;
				CLANG_WARN_CONSTANT_CONVERSION = YES;
				CLANG_WARN_DIRECT_OBJC_ISA_USAGE = YES_ERROR;
				CLANG_WARN_DOCUMENTATION_COMMENTS = YES;
				CLANG_WARN_EMPTY_BODY = YES;
				CLANG_WARN_ENUM_CONVERSION = YES;
				CLANG_WARN_INFINITE_RECURSION = YES;
				CLANG_WARN_INT_CONVERSION = YES;
				CLANG_WARN_NON_LITERAL_NULL_CONVERSION = YES;
				CLANG_WARN_OBJC_LITERAL_CONVERSION = YES;
				CLANG_WARN_OBJC_ROOT_CLASS = YES_ERROR;
				CLANG_WARN_RANGE_LOOP_ANALYSIS = YES;
				CLANG_WARN_STRICT_PROTOTYPES = YES;
				CLANG_WARN_SUSPICIOUS_MOVE = YES;
				CLANG_WARN_UNGUARDED_AVAILABILITY = YES_AGGRESSIVE;
				CLANG_WARN_UNREACHABLE_CODE = YES;
				CLANG_WARN__DUPLICATE_METHOD_MATCH = YES;
				CODE_SIGN_IDENTITY = "-";
				COPY_PHASE_STRIP = NO;
				DEBUG_INFORMATION_FORMAT = "dwarf-with-dsym";
				ENABLE_NS_ASSERTIONS = NO;
				ENABLE_STRICT_OBJC_MSGSEND = YES;
				GCC_C_LANGUAGE_STANDARD = gnu11;
				GCC_NO_COMMON_BLOCKS = YES;
				GCC_WARN_64_TO_32_BIT_CONVERSION = YES;
				GCC_WARN_ABOUT_RETURN_TYPE = YES_ERROR;
				GCC_WARN_UNDECLARED_SELECTOR = YES;
				GCC_WARN_UNINITIALIZED_AUTOS = YES_AGGRESSIVE;
				GCC_WARN_UNUSED_FUNCTION = YES;
				GCC_WARN_UNUSED_VARIABLE = YES;
				MACOSX_DEPLOYMENT_TARGET = 10.13;
				MTL_ENABLE_DEBUG_INFO = NO;
				SDKROOT = macosx;
				SWIFT_OPTIMIZATION_LEVEL = "-Owholemodule";
			};
			name = Release;
		};
		D218E9361FE2C37900438A19 /* Debug */ = {
			isa = XCBuildConfiguration;
			baseConfigurationReference = 5063F40B8222686F291286C0 /* Pods-AddressGenerator.debug.xcconfig */;
			buildSettings = {
				ASSETCATALOG_COMPILER_APPICON_NAME = AppIcon;
				CLANG_ENABLE_MODULES = YES;
				CODE_SIGN_ENTITLEMENTS = AddressGenerator/AddressGenerator.entitlements;
				CODE_SIGN_STYLE = Automatic;
				COMBINE_HIDPI_IMAGES = YES;
				INFOPLIST_FILE = AddressGenerator/Info.plist;
				LD_RUNPATH_SEARCH_PATHS = "$(inherited) @executable_path/../Frameworks";
				PRODUCT_BUNDLE_IDENTIFIER = com.onmyway133.AddressGenerator;
				PRODUCT_NAME = "$(TARGET_NAME)";
				SWIFT_OBJC_BRIDGING_HEADER = "AddressGenerator/Library/Misc/keccak/AddressGenerator-Bridging-Header.h";
				SWIFT_OPTIMIZATION_LEVEL = "-Onone";
				SWIFT_VERSION = 4.0;
			};
			name = Debug;
		};
		D218E9371FE2C37900438A19 /* Release */ = {
			isa = XCBuildConfiguration;
			baseConfigurationReference = 9872C9EAB1987817A1ADC5ED /* Pods-AddressGenerator.release.xcconfig */;
			buildSettings = {
				ASSETCATALOG_COMPILER_APPICON_NAME = AppIcon;
				CLANG_ENABLE_MODULES = YES;
				CODE_SIGN_ENTITLEMENTS = AddressGenerator/AddressGenerator.entitlements;
				CODE_SIGN_STYLE = Automatic;
				COMBINE_HIDPI_IMAGES = YES;
				INFOPLIST_FILE = AddressGenerator/Info.plist;
				LD_RUNPATH_SEARCH_PATHS = "$(inherited) @executable_path/../Frameworks";
				PRODUCT_BUNDLE_IDENTIFIER = com.onmyway133.AddressGenerator;
				PRODUCT_NAME = "$(TARGET_NAME)";
				SWIFT_OBJC_BRIDGING_HEADER = "AddressGenerator/Library/Misc/keccak/AddressGenerator-Bridging-Header.h";
				SWIFT_VERSION = 4.0;
			};
			name = Release;
		};
		D218E9391FE2C37900438A19 /* Debug */ = {
			isa = XCBuildConfiguration;
			buildSettings = {
				ALWAYS_EMBED_SWIFT_STANDARD_LIBRARIES = YES;
				BUNDLE_LOADER = "$(TEST_HOST)";
				CODE_SIGN_STYLE = Automatic;
				COMBINE_HIDPI_IMAGES = YES;
				INFOPLIST_FILE = AddressGeneratorTests/Info.plist;
				LD_RUNPATH_SEARCH_PATHS = "$(inherited) @executable_path/../Frameworks @loader_path/../Frameworks";
				PRODUCT_BUNDLE_IDENTIFIER = com.onmyway133.AddressGeneratorTests;
				PRODUCT_NAME = "$(TARGET_NAME)";
				SWIFT_VERSION = 4.0;
				TEST_HOST = "$(BUILT_PRODUCTS_DIR)/AddressGenerator.app/Contents/MacOS/AddressGenerator";
			};
			name = Debug;
		};
		D218E93A1FE2C37900438A19 /* Release */ = {
			isa = XCBuildConfiguration;
			buildSettings = {
				ALWAYS_EMBED_SWIFT_STANDARD_LIBRARIES = YES;
				BUNDLE_LOADER = "$(TEST_HOST)";
				CODE_SIGN_STYLE = Automatic;
				COMBINE_HIDPI_IMAGES = YES;
				INFOPLIST_FILE = AddressGeneratorTests/Info.plist;
				LD_RUNPATH_SEARCH_PATHS = "$(inherited) @executable_path/../Frameworks @loader_path/../Frameworks";
				PRODUCT_BUNDLE_IDENTIFIER = com.onmyway133.AddressGeneratorTests;
				PRODUCT_NAME = "$(TARGET_NAME)";
				SWIFT_VERSION = 4.0;
				TEST_HOST = "$(BUILT_PRODUCTS_DIR)/AddressGenerator.app/Contents/MacOS/AddressGenerator";
			};
			name = Release;
		};
/* End XCBuildConfiguration section */

/* Begin XCConfigurationList section */
		D218E90A1FE2C37800438A19 /* Build configuration list for PBXProject "AddressGenerator" */ = {
			isa = XCConfigurationList;
			buildConfigurations = (
				D218E9331FE2C37900438A19 /* Debug */,
				D218E9341FE2C37900438A19 /* Release */,
			);
			defaultConfigurationIsVisible = 0;
			defaultConfigurationName = Release;
		};
		D218E9351FE2C37900438A19 /* Build configuration list for PBXNativeTarget "AddressGenerator" */ = {
			isa = XCConfigurationList;
			buildConfigurations = (
				D218E9361FE2C37900438A19 /* Debug */,
				D218E9371FE2C37900438A19 /* Release */,
			);
			defaultConfigurationIsVisible = 0;
			defaultConfigurationName = Release;
		};
		D218E9381FE2C37900438A19 /* Build configuration list for PBXNativeTarget "AddressGeneratorTests" */ = {
			isa = XCConfigurationList;
			buildConfigurations = (
				D218E9391FE2C37900438A19 /* Debug */,
				D218E93A1FE2C37900438A19 /* Release */,
			);
			defaultConfigurationIsVisible = 0;
			defaultConfigurationName = Release;
		};
/* End XCConfigurationList section */
	};
	rootObject = D218E9071FE2C37800438A19 /* Project object */;
}
