PODS:
  - Anchors (2.4.0)
  - Omnia (3.0.0)

DEPENDENCIES:
  - Anchors
  - Omnia

SPEC REPOS:
  https://github.com/cocoapods/specs.git:
    - Anchors
    - Omnia

SPEC CHECKSUMS:
  Anchors: 75614cac462e063b395386e31eb593a856d831a8
  Omnia: 6dcb30832bd69ec18b981bbb8d66f066c38c35eb

PODFILE CHECKSUM: ee362afd777842c855da1425ab5e2fd14aad2856

COCOAPODS: 1.6.0.beta.2
